
Microsoft Visual Studio Solution File, Format Version 12.00
# Visual Studio Version 16
VisualStudioVersion = 16.0.31205.134
MinimumVisualStudioVersion = 10.0.40219.1
Project("{9A19103F-16F7-4668-BE54-9A1E7A4F7556}") = "projekt", "projekt\projekt.csproj", "{EEC0345B-D97D-46C0-933E-0CCE054C6AB6}"
EndProject
Project("{FAE04EC0-301F-11D3-BF4B-00C04F79EFBC}") = "TestProject1", "TestProject1\TestProject1.csproj", "{CFC483F3-3C25-4615-9E78-10BF4A192C7D}"
EndProject
Global
	GlobalSection(SolutionConfigurationPlatforms) = preSolution
		Debug|Any CPU = Debug|Any CPU
		Release|Any CPU = Release|Any CPU
	EndGlobalSection
	GlobalSection(ProjectConfigurationPlatforms) = postSolution
		{EEC0345B-D97D-46C0-933E-0CCE054C6AB6}.Debug|Any CPU.ActiveCfg = Debug|Any CPU
		{EEC0345B-D97D-46C0-933E-0CCE054C6AB6}.Debug|Any CPU.Build.0 = Debug|Any CPU
		{EEC0345B-D97D-46C0-933E-0CCE054C6AB6}.Release|Any CPU.ActiveCfg = Release|Any CPU
		{EEC0345B-D97D-46C0-933E-0CCE054C6AB6}.Release|Any CPU.Build.0 = Release|Any CPU
		{CFC483F3-3C25-4615-9E78-10BF4A192C7D}.Debug|Any CPU.ActiveCfg = Debug|Any CPU
		{CFC483F3-3C25-4615-9E78-10BF4A192C7D}.Debug|Any CPU.Build.0 = Debug|Any CPU
		{CFC483F3-3C25-4615-9E78-10BF4A192C7D}.Release|Any CPU.ActiveCfg = Release|Any CPU
		{CFC483F3-3C25-4615-9E78-10BF4A192C7D}.Release|Any CPU.Build.0 = Release|Any CPU
	EndGlobalSection
	GlobalSection(SolutionProperties) = preSolution
		HideSolutionNode = FALSE
	EndGlobalSection
	GlobalSection(ExtensibilityGlobals) = postSolution
		SolutionGuid = {2E8A6908-4B64-4AEF-8C21-B5769CD2CA66}
	EndGlobalSection
EndGlobal
